
Microsoft Visual Studio Solution File, Format Version 12.00
# Visual Studio Version 16
VisualStudioVersion = 16.0.30114.105
MinimumVisualStudioVersion = 10.0.40219.1
Project("{9A19103F-16F7-4668-BE54-9A1E7A4F7556}") = "FakeBank.Api", "FakeBank.Api.csproj", "{475623D4-4233-4A35-816D-E297F62C72A9}"
EndProject
Global
	GlobalSection(SolutionConfigurationPlatforms) = preSolution
		Debug|Any CPU = Debug|Any CPU
		Release|Any CPU = Release|Any CPU
	EndGlobalSection
	GlobalSection(ProjectConfigurationPlatforms) = postSolution
		{475623D4-4233-4A35-816D-E297F62C72A9}.Debug|Any CPU.ActiveCfg = Debug|Any CPU
		{475623D4-4233-4A35-816D-E297F62C72A9}.Debug|Any CPU.Build.0 = Debug|Any CPU
		{475623D4-4233-4A35-816D-E297F62C72A9}.Release|Any CPU.ActiveCfg = Release|Any CPU
		{475623D4-4233-4A35-816D-E297F62C72A9}.Release|Any CPU.Build.0 = Release|Any CPU
	EndGlobalSection
	GlobalSection(SolutionProperties) = preSolution
		HideSolutionNode = FALSE
	EndGlobalSection
	GlobalSection(ExtensibilityGlobals) = postSolution
		SolutionGuid = {6EC46FD8-E900-430E-A84F-8508B4F9252B}
	EndGlobalSection
EndGlobal
